
Microsoft Visual Studio Solution File, Format Version 12.00
# Visual Studio 2013
VisualStudioVersion = 12.0.31101.0
MinimumVisualStudioVersion = 10.0.40219.1
Project("{FAE04EC0-301F-11D3-BF4B-00C04F79EFBC}") = "Marketplace.B2W.SDK", "Marketplace.B2W.SDK\Marketplace.B2W.SDK.csproj", "{BC0E6931-D793-401D-B906-780500E42B10}"
EndProject
Project("{FAE04EC0-301F-11D3-BF4B-00C04F79EFBC}") = "Marketplace.B2W.SDK.Tests", "Marketplace.B2W.SDK.Tests\Marketplace.B2W.SDK.Tests.csproj", "{7D9AE9EB-C8AE-490F-8F1C-C4C71095CC7D}"
EndProject
Project("{FF286327-C783-4F7A-AB73-9BCBAD0D4460}") = "Marketplace.B2W.SDK.nupkg", "Marketplace.B2W.SDK.nupkg\Marketplace.B2W.SDK.nupkg.nuproj", "{D7530BC6-3D1C-4D0B-A2BC-FB9A9CA76DF0}"
EndProject
Global
	GlobalSection(SolutionConfigurationPlatforms) = preSolution
		Debug|Any CPU = Debug|Any CPU
		Release|Any CPU = Release|Any CPU
	EndGlobalSection
	GlobalSection(ProjectConfigurationPlatforms) = postSolution
		{BC0E6931-D793-401D-B906-780500E42B10}.Debug|Any CPU.ActiveCfg = Debug|Any CPU
		{BC0E6931-D793-401D-B906-780500E42B10}.Debug|Any CPU.Build.0 = Debug|Any CPU
		{BC0E6931-D793-401D-B906-780500E42B10}.Release|Any CPU.ActiveCfg = Release|Any CPU
		{BC0E6931-D793-401D-B906-780500E42B10}.Release|Any CPU.Build.0 = Release|Any CPU
		{7D9AE9EB-C8AE-490F-8F1C-C4C71095CC7D}.Debug|Any CPU.ActiveCfg = Debug|Any CPU
		{7D9AE9EB-C8AE-490F-8F1C-C4C71095CC7D}.Debug|Any CPU.Build.0 = Debug|Any CPU
		{7D9AE9EB-C8AE-490F-8F1C-C4C71095CC7D}.Release|Any CPU.ActiveCfg = Release|Any CPU
		{7D9AE9EB-C8AE-490F-8F1C-C4C71095CC7D}.Release|Any CPU.Build.0 = Release|Any CPU
		{D7530BC6-3D1C-4D0B-A2BC-FB9A9CA76DF0}.Debug|Any CPU.ActiveCfg = Debug|Any CPU
		{D7530BC6-3D1C-4D0B-A2BC-FB9A9CA76DF0}.Debug|Any CPU.Build.0 = Debug|Any CPU
		{D7530BC6-3D1C-4D0B-A2BC-FB9A9CA76DF0}.Release|Any CPU.ActiveCfg = Release|Any CPU
		{D7530BC6-3D1C-4D0B-A2BC-FB9A9CA76DF0}.Release|Any CPU.Build.0 = Release|Any CPU
	EndGlobalSection
	GlobalSection(SolutionProperties) = preSolution
		HideSolutionNode = FALSE
	EndGlobalSection
EndGlobal
